
Microsoft Visual Studio Solution File, Format Version 12.00
# Visual Studio 15
VisualStudioVersion = 15.0.26730.16
MinimumVisualStudioVersion = 10.0.40219.1
Project("{FAE04EC0-301F-11D3-BF4B-00C04F79EFBC}") = "AFGT", "AFGT\AFGT.csproj", "{F682C16C-711E-4454-80C7-9E347F1EA62C}"
EndProject
Global
	GlobalSection(SolutionConfigurationPlatforms) = preSolution
		Debug|Any CPU = Debug|Any CPU
		Release|Any CPU = Release|Any CPU
	EndGlobalSection
	GlobalSection(ProjectConfigurationPlatforms) = postSolution
		{F682C16C-711E-4454-80C7-9E347F1EA62C}.Debug|Any CPU.ActiveCfg = Debug|Any CPU
		{F682C16C-711E-4454-80C7-9E347F1EA62C}.Debug|Any CPU.Build.0 = Debug|Any CPU
		{F682C16C-711E-4454-80C7-9E347F1EA62C}.Release|Any CPU.ActiveCfg = Release|Any CPU
		{F682C16C-711E-4454-80C7-9E347F1EA62C}.Release|Any CPU.Build.0 = Release|Any CPU
	EndGlobalSection
	GlobalSection(SolutionProperties) = preSolution
		HideSolutionNode = FALSE
	EndGlobalSection
	GlobalSection(ExtensibilityGlobals) = postSolution
		SolutionGuid = {BAD89F70-8354-43C4-9FD1-43E143AEA9C3}
	EndGlobalSection
EndGlobal
